
Microsoft Visual Studio Solution File, Format Version 12.00
# Visual Studio Version 17
VisualStudioVersion = 17.0.31903.59
MinimumVisualStudioVersion = 10.0.40219.1
Project("{FAE04EC0-301F-11D3-BF4B-00C04F79EFBC}") = "Decorator", "Decorator\Decorator.csproj", "{E449191A-5DD3-4FFC-8208-D9814E5A982F}"
EndProject
Project("{FAE04EC0-301F-11D3-BF4B-00C04F79EFBC}") = "Adapter", "Adapter\Adapter.csproj", "{16A385E8-168B-4C3F-9D6A-3DF250AF79F3}"
EndProject
Project("{FAE04EC0-301F-11D3-BF4B-00C04F79EFBC}") = "Facade", "Facade\Facade.csproj", "{FC4B16B5-3D33-459C-9848-6F2BC58A8C08}"
EndProject
Project("{FAE04EC0-301F-11D3-BF4B-00C04F79EFBC}") = "Composite", "Composite\Composite.csproj", "{C2FA60FB-74AB-41B5-9ADA-20FDB8BF4948}"
EndProject
Project("{FAE04EC0-301F-11D3-BF4B-00C04F79EFBC}") = "Proxy", "Proxy\Proxy.csproj", "{9F0FDC43-8B7C-4DF9-B7B2-A21F77E04BA9}"
EndProject
Project("{FAE04EC0-301F-11D3-BF4B-00C04F79EFBC}") = "Bridge", "Bridge\Bridge.csproj", "{3D841D9F-93F5-4550-B9FE-9774B4D6C964}"
EndProject
Global
	GlobalSection(SolutionConfigurationPlatforms) = preSolution
		Debug|Any CPU = Debug|Any CPU
		Release|Any CPU = Release|Any CPU
	EndGlobalSection
	GlobalSection(SolutionProperties) = preSolution
		HideSolutionNode = FALSE
	EndGlobalSection
	GlobalSection(ProjectConfigurationPlatforms) = postSolution
		{E449191A-5DD3-4FFC-8208-D9814E5A982F}.Debug|Any CPU.ActiveCfg = Debug|Any CPU
		{E449191A-5DD3-4FFC-8208-D9814E5A982F}.Debug|Any CPU.Build.0 = Debug|Any CPU
		{E449191A-5DD3-4FFC-8208-D9814E5A982F}.Release|Any CPU.ActiveCfg = Release|Any CPU
		{E449191A-5DD3-4FFC-8208-D9814E5A982F}.Release|Any CPU.Build.0 = Release|Any CPU
		{16A385E8-168B-4C3F-9D6A-3DF250AF79F3}.Debug|Any CPU.ActiveCfg = Debug|Any CPU
		{16A385E8-168B-4C3F-9D6A-3DF250AF79F3}.Debug|Any CPU.Build.0 = Debug|Any CPU
		{16A385E8-168B-4C3F-9D6A-3DF250AF79F3}.Release|Any CPU.ActiveCfg = Release|Any CPU
		{16A385E8-168B-4C3F-9D6A-3DF250AF79F3}.Release|Any CPU.Build.0 = Release|Any CPU
		{FC4B16B5-3D33-459C-9848-6F2BC58A8C08}.Debug|Any CPU.ActiveCfg = Debug|Any CPU
		{FC4B16B5-3D33-459C-9848-6F2BC58A8C08}.Debug|Any CPU.Build.0 = Debug|Any CPU
		{FC4B16B5-3D33-459C-9848-6F2BC58A8C08}.Release|Any CPU.ActiveCfg = Release|Any CPU
		{FC4B16B5-3D33-459C-9848-6F2BC58A8C08}.Release|Any CPU.Build.0 = Release|Any CPU
		{C2FA60FB-74AB-41B5-9ADA-20FDB8BF4948}.Debug|Any CPU.ActiveCfg = Debug|Any CPU
		{C2FA60FB-74AB-41B5-9ADA-20FDB8BF4948}.Debug|Any CPU.Build.0 = Debug|Any CPU
		{C2FA60FB-74AB-41B5-9ADA-20FDB8BF4948}.Release|Any CPU.ActiveCfg = Release|Any CPU
		{C2FA60FB-74AB-41B5-9ADA-20FDB8BF4948}.Release|Any CPU.Build.0 = Release|Any CPU
		{9F0FDC43-8B7C-4DF9-B7B2-A21F77E04BA9}.Debug|Any CPU.ActiveCfg = Debug|Any CPU
		{9F0FDC43-8B7C-4DF9-B7B2-A21F77E04BA9}.Debug|Any CPU.Build.0 = Debug|Any CPU
		{9F0FDC43-8B7C-4DF9-B7B2-A21F77E04BA9}.Release|Any CPU.ActiveCfg = Release|Any CPU
		{9F0FDC43-8B7C-4DF9-B7B2-A21F77E04BA9}.Release|Any CPU.Build.0 = Release|Any CPU
		{3D841D9F-93F5-4550-B9FE-9774B4D6C964}.Debug|Any CPU.ActiveCfg = Debug|Any CPU
		{3D841D9F-93F5-4550-B9FE-9774B4D6C964}.Debug|Any CPU.Build.0 = Debug|Any CPU
		{3D841D9F-93F5-4550-B9FE-9774B4D6C964}.Release|Any CPU.ActiveCfg = Release|Any CPU
		{3D841D9F-93F5-4550-B9FE-9774B4D6C964}.Release|Any CPU.Build.0 = Release|Any CPU
	EndGlobalSection
EndGlobal
