
Microsoft Visual Studio Solution File, Format Version 12.00
# Visual Studio Version 17
VisualStudioVersion = 17.0.31903.59
MinimumVisualStudioVersion = 10.0.40219.1
Project("{FAE04EC0-301F-11D3-BF4B-00C04F79EFBC}") = "Strategy", "Strategy\Strategy.csproj", "{143C91B4-89E1-45BD-877D-5B283C167265}"
EndProject
Project("{FAE04EC0-301F-11D3-BF4B-00C04F79EFBC}") = "UsagesPatterns", "UsagesPatterns\UsagesPatterns.csproj", "{E70307D4-06BE-4688-8CCF-C8B428E9A5EE}"
EndProject
Project("{FAE04EC0-301F-11D3-BF4B-00C04F79EFBC}") = "Observer", "Observer\Observer.csproj", "{74BDAB0F-18E2-43ED-ADF4-42623E4F8BCA}"
EndProject
Project("{FAE04EC0-301F-11D3-BF4B-00C04F79EFBC}") = "Command", "Command\Command.csproj", "{FF5ACD6C-05C2-4318-A754-04E00FF62B55}"
EndProject
Project("{FAE04EC0-301F-11D3-BF4B-00C04F79EFBC}") = "Iterator", "Iterator\Iterator.csproj", "{9BC9FA82-20D8-46DD-A6D6-537830961497}"
EndProject
Project("{FAE04EC0-301F-11D3-BF4B-00C04F79EFBC}") = "State", "State\State.csproj", "{CD2717CF-2D58-45CF-A05C-BCC9EBFBDD86}"
EndProject
Project("{FAE04EC0-301F-11D3-BF4B-00C04F79EFBC}") = "ChainOfResponsibility", "ChainOfResponsibility\ChainOfResponsibility.csproj", "{6F5921E4-DA04-4E4B-B2D7-46500E561D91}"
EndProject
Project("{FAE04EC0-301F-11D3-BF4B-00C04F79EFBC}") = "Interpreter", "Interpreter\Interpreter.csproj", "{46EF8110-37A1-47C4-9BAB-2ACB76AEB88F}"
EndProject
Global
	GlobalSection(SolutionConfigurationPlatforms) = preSolution
		Debug|Any CPU = Debug|Any CPU
		Release|Any CPU = Release|Any CPU
	EndGlobalSection
	GlobalSection(SolutionProperties) = preSolution
		HideSolutionNode = FALSE
	EndGlobalSection
	GlobalSection(ProjectConfigurationPlatforms) = postSolution
		{143C91B4-89E1-45BD-877D-5B283C167265}.Debug|Any CPU.ActiveCfg = Debug|Any CPU
		{143C91B4-89E1-45BD-877D-5B283C167265}.Debug|Any CPU.Build.0 = Debug|Any CPU
		{143C91B4-89E1-45BD-877D-5B283C167265}.Release|Any CPU.ActiveCfg = Release|Any CPU
		{143C91B4-89E1-45BD-877D-5B283C167265}.Release|Any CPU.Build.0 = Release|Any CPU
		{E70307D4-06BE-4688-8CCF-C8B428E9A5EE}.Debug|Any CPU.ActiveCfg = Debug|Any CPU
		{E70307D4-06BE-4688-8CCF-C8B428E9A5EE}.Debug|Any CPU.Build.0 = Debug|Any CPU
		{E70307D4-06BE-4688-8CCF-C8B428E9A5EE}.Release|Any CPU.ActiveCfg = Release|Any CPU
		{E70307D4-06BE-4688-8CCF-C8B428E9A5EE}.Release|Any CPU.Build.0 = Release|Any CPU
		{74BDAB0F-18E2-43ED-ADF4-42623E4F8BCA}.Debug|Any CPU.ActiveCfg = Debug|Any CPU
		{74BDAB0F-18E2-43ED-ADF4-42623E4F8BCA}.Debug|Any CPU.Build.0 = Debug|Any CPU
		{74BDAB0F-18E2-43ED-ADF4-42623E4F8BCA}.Release|Any CPU.ActiveCfg = Release|Any CPU
		{74BDAB0F-18E2-43ED-ADF4-42623E4F8BCA}.Release|Any CPU.Build.0 = Release|Any CPU
		{FF5ACD6C-05C2-4318-A754-04E00FF62B55}.Debug|Any CPU.ActiveCfg = Debug|Any CPU
		{FF5ACD6C-05C2-4318-A754-04E00FF62B55}.Debug|Any CPU.Build.0 = Debug|Any CPU
		{FF5ACD6C-05C2-4318-A754-04E00FF62B55}.Release|Any CPU.ActiveCfg = Release|Any CPU
		{FF5ACD6C-05C2-4318-A754-04E00FF62B55}.Release|Any CPU.Build.0 = Release|Any CPU
		{9BC9FA82-20D8-46DD-A6D6-537830961497}.Debug|Any CPU.ActiveCfg = Debug|Any CPU
		{9BC9FA82-20D8-46DD-A6D6-537830961497}.Debug|Any CPU.Build.0 = Debug|Any CPU
		{9BC9FA82-20D8-46DD-A6D6-537830961497}.Release|Any CPU.ActiveCfg = Release|Any CPU
		{9BC9FA82-20D8-46DD-A6D6-537830961497}.Release|Any CPU.Build.0 = Release|Any CPU
		{6C68B76F-3311-4865-BDCC-7AA654CBAFB4}.Debug|Any CPU.ActiveCfg = Debug|Any CPU
		{6C68B76F-3311-4865-BDCC-7AA654CBAFB4}.Debug|Any CPU.Build.0 = Debug|Any CPU
		{6C68B76F-3311-4865-BDCC-7AA654CBAFB4}.Release|Any CPU.ActiveCfg = Release|Any CPU
		{6C68B76F-3311-4865-BDCC-7AA654CBAFB4}.Release|Any CPU.Build.0 = Release|Any CPU
		{CD2717CF-2D58-45CF-A05C-BCC9EBFBDD86}.Debug|Any CPU.ActiveCfg = Debug|Any CPU
		{CD2717CF-2D58-45CF-A05C-BCC9EBFBDD86}.Debug|Any CPU.Build.0 = Debug|Any CPU
		{CD2717CF-2D58-45CF-A05C-BCC9EBFBDD86}.Release|Any CPU.ActiveCfg = Release|Any CPU
		{CD2717CF-2D58-45CF-A05C-BCC9EBFBDD86}.Release|Any CPU.Build.0 = Release|Any CPU
		{6F5921E4-DA04-4E4B-B2D7-46500E561D91}.Debug|Any CPU.ActiveCfg = Debug|Any CPU
		{6F5921E4-DA04-4E4B-B2D7-46500E561D91}.Debug|Any CPU.Build.0 = Debug|Any CPU
		{6F5921E4-DA04-4E4B-B2D7-46500E561D91}.Release|Any CPU.ActiveCfg = Release|Any CPU
		{6F5921E4-DA04-4E4B-B2D7-46500E561D91}.Release|Any CPU.Build.0 = Release|Any CPU
		{46EF8110-37A1-47C4-9BAB-2ACB76AEB88F}.Debug|Any CPU.ActiveCfg = Debug|Any CPU
		{46EF8110-37A1-47C4-9BAB-2ACB76AEB88F}.Debug|Any CPU.Build.0 = Debug|Any CPU
		{46EF8110-37A1-47C4-9BAB-2ACB76AEB88F}.Release|Any CPU.ActiveCfg = Release|Any CPU
		{46EF8110-37A1-47C4-9BAB-2ACB76AEB88F}.Release|Any CPU.Build.0 = Release|Any CPU
	EndGlobalSection
EndGlobal
