
Microsoft Visual Studio Solution File, Format Version 12.00
# Visual Studio Version 17
VisualStudioVersion = 17.0.31903.59
MinimumVisualStudioVersion = 10.0.40219.1
Project("{FAE04EC0-301F-11D3-BF4B-00C04F79EFBC}") = "FactoryMethod", "FactoryMethod\FactoryMethod.csproj", "{347A10BC-2555-4DC0-9D5F-6C18FD635041}"
EndProject
Project("{FAE04EC0-301F-11D3-BF4B-00C04F79EFBC}") = "UsagesTemplate.ConsoleApp", "UsagesTemplate.ConsoleApp\UsagesTemplate.ConsoleApp.csproj", "{E9ECBE3A-3A34-4C75-9B33-ED411FFD612E}"
EndProject
Project("{FAE04EC0-301F-11D3-BF4B-00C04F79EFBC}") = "Singleton", "Singleton\Singleton.csproj", "{365E7FBF-784E-49ED-9CC0-F1C53379EE11}"
EndProject
Project("{FAE04EC0-301F-11D3-BF4B-00C04F79EFBC}") = "AbstractFactory", "AbstractFactory\AbstractFactory.csproj", "{5EDE27FF-2CC8-427A-B6AC-B37D3AD0097F}"
EndProject
Project("{FAE04EC0-301F-11D3-BF4B-00C04F79EFBC}") = "Prototype", "Prototype\Prototype.csproj", "{4C9E8E59-9C6E-4102-A134-CE981D6F7967}"
EndProject
Project("{FAE04EC0-301F-11D3-BF4B-00C04F79EFBC}") = "Builder", "Builder\Builder.csproj", "{A95063EB-8A97-4940-A3ED-54FF846D4650}"
EndProject
Global
	GlobalSection(SolutionConfigurationPlatforms) = preSolution
		Debug|Any CPU = Debug|Any CPU
		Release|Any CPU = Release|Any CPU
	EndGlobalSection
	GlobalSection(SolutionProperties) = preSolution
		HideSolutionNode = FALSE
	EndGlobalSection
	GlobalSection(ProjectConfigurationPlatforms) = postSolution
		{347A10BC-2555-4DC0-9D5F-6C18FD635041}.Debug|Any CPU.ActiveCfg = Debug|Any CPU
		{347A10BC-2555-4DC0-9D5F-6C18FD635041}.Debug|Any CPU.Build.0 = Debug|Any CPU
		{347A10BC-2555-4DC0-9D5F-6C18FD635041}.Release|Any CPU.ActiveCfg = Release|Any CPU
		{347A10BC-2555-4DC0-9D5F-6C18FD635041}.Release|Any CPU.Build.0 = Release|Any CPU
		{E9ECBE3A-3A34-4C75-9B33-ED411FFD612E}.Debug|Any CPU.ActiveCfg = Debug|Any CPU
		{E9ECBE3A-3A34-4C75-9B33-ED411FFD612E}.Debug|Any CPU.Build.0 = Debug|Any CPU
		{E9ECBE3A-3A34-4C75-9B33-ED411FFD612E}.Release|Any CPU.ActiveCfg = Release|Any CPU
		{E9ECBE3A-3A34-4C75-9B33-ED411FFD612E}.Release|Any CPU.Build.0 = Release|Any CPU
		{365E7FBF-784E-49ED-9CC0-F1C53379EE11}.Debug|Any CPU.ActiveCfg = Debug|Any CPU
		{365E7FBF-784E-49ED-9CC0-F1C53379EE11}.Debug|Any CPU.Build.0 = Debug|Any CPU
		{365E7FBF-784E-49ED-9CC0-F1C53379EE11}.Release|Any CPU.ActiveCfg = Release|Any CPU
		{365E7FBF-784E-49ED-9CC0-F1C53379EE11}.Release|Any CPU.Build.0 = Release|Any CPU
		{5EDE27FF-2CC8-427A-B6AC-B37D3AD0097F}.Debug|Any CPU.ActiveCfg = Debug|Any CPU
		{5EDE27FF-2CC8-427A-B6AC-B37D3AD0097F}.Debug|Any CPU.Build.0 = Debug|Any CPU
		{5EDE27FF-2CC8-427A-B6AC-B37D3AD0097F}.Release|Any CPU.ActiveCfg = Release|Any CPU
		{5EDE27FF-2CC8-427A-B6AC-B37D3AD0097F}.Release|Any CPU.Build.0 = Release|Any CPU
		{4C9E8E59-9C6E-4102-A134-CE981D6F7967}.Debug|Any CPU.ActiveCfg = Debug|Any CPU
		{4C9E8E59-9C6E-4102-A134-CE981D6F7967}.Debug|Any CPU.Build.0 = Debug|Any CPU
		{4C9E8E59-9C6E-4102-A134-CE981D6F7967}.Release|Any CPU.ActiveCfg = Release|Any CPU
		{4C9E8E59-9C6E-4102-A134-CE981D6F7967}.Release|Any CPU.Build.0 = Release|Any CPU
		{A95063EB-8A97-4940-A3ED-54FF846D4650}.Debug|Any CPU.ActiveCfg = Debug|Any CPU
		{A95063EB-8A97-4940-A3ED-54FF846D4650}.Debug|Any CPU.Build.0 = Debug|Any CPU
		{A95063EB-8A97-4940-A3ED-54FF846D4650}.Release|Any CPU.ActiveCfg = Release|Any CPU
		{A95063EB-8A97-4940-A3ED-54FF846D4650}.Release|Any CPU.Build.0 = Release|Any CPU
	EndGlobalSection
EndGlobal
